
Microsoft Visual Studio Solution File, Format Version 12.00
# Visual Studio Version 16
VisualStudioVersion = 16.0.30011.22
MinimumVisualStudioVersion = 10.0.40219.1
Project("{FAE04EC0-301F-11D3-BF4B-00C04F79EFBC}") = "pullback", "pullback\pullback.csproj", "{3d79a142-3e99-4b78-aa01-a4d3472968bf}"
EndProject
Global
	GlobalSection(SolutionConfigurationPlatforms) = preSolution
		Debug|Any CPU = Debug|Any CPU
		Release|Any CPU = Release|Any CPU
	EndGlobalSection
	GlobalSection(ProjectConfigurationPlatforms) = postSolution
		{3d79a142-3e99-4b78-aa01-a4d3472968bf}.Debug|Any CPU.ActiveCfg = Debug|Any CPU
		{3d79a142-3e99-4b78-aa01-a4d3472968bf}.Debug|Any CPU.Build.0 = Debug|Any CPU
		{3d79a142-3e99-4b78-aa01-a4d3472968bf}.Release|Any CPU.ActiveCfg = Release|Any CPU
		{3d79a142-3e99-4b78-aa01-a4d3472968bf}.Release|Any CPU.Build.0 = Release|Any CPU
	EndGlobalSection
	GlobalSection(SolutionProperties) = preSolution
		HideSolutionNode = FALSE
	EndGlobalSection
EndGlobal
